
Microsoft Visual Studio Solution File, Format Version 12.00
# Visual Studio 15
VisualStudioVersion = 15.0.26430.14
MinimumVisualStudioVersion = 10.0.40219.1
Project("{FAE04EC0-301F-11D3-BF4B-00C04F79EFBC}") = "DbConnect", "DbConnect\DbConnect.csproj", "{866D6DCF-70B7-4885-B3BC-74B9E23BF425}"
EndProject
Project("{9A19103F-16F7-4668-BE54-9A1E7A4F7556}") = "DbConnect.Core", "DbConnect.Core\DbConnect.Core.csproj", "{6599E1A6-8B9D-4EDD-BF2C-4F209EEC1C4F}"
EndProject
Project("{9A19103F-16F7-4668-BE54-9A1E7A4F7556}") = "DbConnectCore.Test", "DbConnectCore.Test\DbConnectCore.Test.csproj", "{D5DB9BA0-679D-4AB5-91AD-A62DBF43E425}"
EndProject
Global
	GlobalSection(SolutionConfigurationPlatforms) = preSolution
		Debug|Any CPU = Debug|Any CPU
		Release|Any CPU = Release|Any CPU
	EndGlobalSection
	GlobalSection(ProjectConfigurationPlatforms) = postSolution
		{866D6DCF-70B7-4885-B3BC-74B9E23BF425}.Debug|Any CPU.ActiveCfg = Debug|Any CPU
		{866D6DCF-70B7-4885-B3BC-74B9E23BF425}.Debug|Any CPU.Build.0 = Debug|Any CPU
		{866D6DCF-70B7-4885-B3BC-74B9E23BF425}.Release|Any CPU.ActiveCfg = Release|Any CPU
		{866D6DCF-70B7-4885-B3BC-74B9E23BF425}.Release|Any CPU.Build.0 = Release|Any CPU
		{6599E1A6-8B9D-4EDD-BF2C-4F209EEC1C4F}.Debug|Any CPU.ActiveCfg = Debug|Any CPU
		{6599E1A6-8B9D-4EDD-BF2C-4F209EEC1C4F}.Debug|Any CPU.Build.0 = Debug|Any CPU
		{6599E1A6-8B9D-4EDD-BF2C-4F209EEC1C4F}.Release|Any CPU.ActiveCfg = Release|Any CPU
		{6599E1A6-8B9D-4EDD-BF2C-4F209EEC1C4F}.Release|Any CPU.Build.0 = Release|Any CPU
		{D5DB9BA0-679D-4AB5-91AD-A62DBF43E425}.Debug|Any CPU.ActiveCfg = Debug|Any CPU
		{D5DB9BA0-679D-4AB5-91AD-A62DBF43E425}.Debug|Any CPU.Build.0 = Debug|Any CPU
		{D5DB9BA0-679D-4AB5-91AD-A62DBF43E425}.Release|Any CPU.ActiveCfg = Release|Any CPU
		{D5DB9BA0-679D-4AB5-91AD-A62DBF43E425}.Release|Any CPU.Build.0 = Release|Any CPU
	EndGlobalSection
	GlobalSection(SolutionProperties) = preSolution
		HideSolutionNode = FALSE
	EndGlobalSection
EndGlobal
